
Microsoft Visual Studio Solution File, Format Version 12.00
# Visual Studio Version 17
VisualStudioVersion = 17.3.32819.101
MinimumVisualStudioVersion = 10.0.40219.1
Project("{8BC9CEB8-8B4A-11D0-8D11-00A0C91BC942}") = "expressionEvaluation", "expressionEvaluation\expressionEvaluation.vcxproj", "{33372EAA-0709-456A-AD1C-8CD86D1E2AFA}"
EndProject
Global
	GlobalSection(SolutionConfigurationPlatforms) = preSolution
		Debug|x64 = Debug|x64
		Debug|x86 = Debug|x86
		Release|x64 = Release|x64
		Release|x86 = Release|x86
	EndGlobalSection
	GlobalSection(ProjectConfigurationPlatforms) = postSolution
		{33372EAA-0709-456A-AD1C-8CD86D1E2AFA}.Debug|x64.ActiveCfg = Debug|x64
		{33372EAA-0709-456A-AD1C-8CD86D1E2AFA}.Debug|x64.Build.0 = Debug|x64
		{33372EAA-0709-456A-AD1C-8CD86D1E2AFA}.Debug|x86.ActiveCfg = Debug|Win32
		{33372EAA-0709-456A-AD1C-8CD86D1E2AFA}.Debug|x86.Build.0 = Debug|Win32
		{33372EAA-0709-456A-AD1C-8CD86D1E2AFA}.Release|x64.ActiveCfg = Release|x64
		{33372EAA-0709-456A-AD1C-8CD86D1E2AFA}.Release|x64.Build.0 = Release|x64
		{33372EAA-0709-456A-AD1C-8CD86D1E2AFA}.Release|x86.ActiveCfg = Release|Win32
		{33372EAA-0709-456A-AD1C-8CD86D1E2AFA}.Release|x86.Build.0 = Release|Win32
	EndGlobalSection
	GlobalSection(SolutionProperties) = preSolution
		HideSolutionNode = FALSE
	EndGlobalSection
	GlobalSection(ExtensibilityGlobals) = postSolution
		SolutionGuid = {B0E3B5C0-3973-4BC2-8F57-AB4FAF103A5B}
	EndGlobalSection
EndGlobal
